
Microsoft Visual Studio Solution File, Format Version 12.00
Project("{FAE04EC0-301F-11D3-BF4B-00C04F79EFBC}") = "Verkle.Tests", "Verkle.Tests\Verkle.Tests.csproj", "{BAD690AD-B37A-48B5-B8F9-9D75712E4038}"
EndProject
Project("{FAE04EC0-301F-11D3-BF4B-00C04F79EFBC}") = "Verkle.Bindings", "Verkle.Bindings\Verkle.Bindings.csproj", "{9FC97DF6-5D68-4905-A355-F22FB168E6D1}"
EndProject
Global
	GlobalSection(SolutionConfigurationPlatforms) = preSolution
		Debug|Any CPU = Debug|Any CPU
		Release|Any CPU = Release|Any CPU
	EndGlobalSection
	GlobalSection(ProjectConfigurationPlatforms) = postSolution
		{BAD690AD-B37A-48B5-B8F9-9D75712E4038}.Debug|Any CPU.ActiveCfg = Debug|Any CPU
		{BAD690AD-B37A-48B5-B8F9-9D75712E4038}.Debug|Any CPU.Build.0 = Debug|Any CPU
		{BAD690AD-B37A-48B5-B8F9-9D75712E4038}.Release|Any CPU.ActiveCfg = Release|Any CPU
		{BAD690AD-B37A-48B5-B8F9-9D75712E4038}.Release|Any CPU.Build.0 = Release|Any CPU
		{9FC97DF6-5D68-4905-A355-F22FB168E6D1}.Debug|Any CPU.ActiveCfg = Debug|Any CPU
		{9FC97DF6-5D68-4905-A355-F22FB168E6D1}.Debug|Any CPU.Build.0 = Debug|Any CPU
		{9FC97DF6-5D68-4905-A355-F22FB168E6D1}.Release|Any CPU.ActiveCfg = Release|Any CPU
		{9FC97DF6-5D68-4905-A355-F22FB168E6D1}.Release|Any CPU.Build.0 = Release|Any CPU
	EndGlobalSection
EndGlobal
